Microsoft Visual Studio Solution File, Format Version 11.00
# Visual Studio 2010
Project("{F184B08F-C81C-45F6-A57F-5ABD9991F28F}") = "FullStackedBarChart", "FullStackedBarChart\FullStackedBarChart.vbproj", "{16C4B1D7-431B-44B5-9C3E-1FD46702C5FB}"
EndProject
Project("{F184B08F-C81C-45F6-A57F-5ABD9991F28F}") = "FullStackedBarChart.Web", "FullStackedBarChart.Web\FullStackedBarChart.Web.vbproj", "{ED95B4A9-BCCA-44A1-B38A-E9D23DA1AE97}"
EndProject
Global
	GlobalSection(SolutionConfigurationPlatforms) = preSolution
		Debug|Any CPU = Debug|Any CPU
		Release|Any CPU = Release|Any CPU
	EndGlobalSection
	GlobalSection(ProjectConfigurationPlatforms) = postSolution
		{16C4B1D7-431B-44B5-9C3E-1FD46702C5FB}.Debug|Any CPU.ActiveCfg = Debug|Any CPU
		{16C4B1D7-431B-44B5-9C3E-1FD46702C5FB}.Debug|Any CPU.Build.0 = Debug|Any CPU
		{16C4B1D7-431B-44B5-9C3E-1FD46702C5FB}.Release|Any CPU.ActiveCfg = Release|Any CPU
		{16C4B1D7-431B-44B5-9C3E-1FD46702C5FB}.Release|Any CPU.Build.0 = Release|Any CPU
		{ED95B4A9-BCCA-44A1-B38A-E9D23DA1AE97}.Debug|Any CPU.ActiveCfg = Debug|Any CPU
		{ED95B4A9-BCCA-44A1-B38A-E9D23DA1AE97}.Debug|Any CPU.Build.0 = Debug|Any CPU
		{ED95B4A9-BCCA-44A1-B38A-E9D23DA1AE97}.Release|Any CPU.ActiveCfg = Release|Any CPU
		{ED95B4A9-BCCA-44A1-B38A-E9D23DA1AE97}.Release|Any CPU.Build.0 = Release|Any CPU
	EndGlobalSection
	GlobalSection(SolutionProperties) = preSolution
		HideSolutionNode = FALSE
	EndGlobalSection
EndGlobal
